
Microsoft Visual Studio Solution File, Format Version 12.00
# Visual Studio 15
VisualStudioVersion = 15.0.27004.2008
MinimumVisualStudioVersion = 10.0.40219.1
Project("{888888A0-9F3D-457C-B088-3A5042F75D52}") = "PythonApplicationmodule4", "PythonApplicationmodule4\PythonApplicationmodule4.pyproj", "{82278739-0912-46A8-B4D2-9B39C5FA1345}"
EndProject
Global
	GlobalSection(SolutionConfigurationPlatforms) = preSolution
		Debug|Any CPU = Debug|Any CPU
		Release|Any CPU = Release|Any CPU
	EndGlobalSection
	GlobalSection(ProjectConfigurationPlatforms) = postSolution
		{82278739-0912-46A8-B4D2-9B39C5FA1345}.Debug|Any CPU.ActiveCfg = Debug|Any CPU
		{82278739-0912-46A8-B4D2-9B39C5FA1345}.Release|Any CPU.ActiveCfg = Release|Any CPU
	EndGlobalSection
	GlobalSection(SolutionProperties) = preSolution
		HideSolutionNode = FALSE
	EndGlobalSection
	GlobalSection(ExtensibilityGlobals) = postSolution
		SolutionGuid = {230586EB-926B-4069-8212-E1F78966CFC0}
	EndGlobalSection
EndGlobal
